// !$*UTF8*$!
{
	archiveVersion = 1;
	classes = {
	};
	objectVersion = 46;
	objects = {

/* Begin PBXBuildFile section */
		96391D611914389F007A24E6 /* ENPlane.m in Sources */ = {isa = PBXBuildFile; fileRef = 96391D601914389F007A24E6 /* ENPlane.m */; };
		9683C8C9190EFBEF0094C00D /* TileTexture.atlas in Resources */ = {isa = PBXBuildFile; fileRef = 9683C8C8190EFBEF0094C00D /* TileTexture.atlas */; };
		9683DF91190DCF8C00C699F8 /* TestRange.enemy in Resources */ = {isa = PBXBuildFile; fileRef = 9683DF8F190DCF8C00C699F8 /* TestRange.enemy */; };
		9683DF92190DCF8C00C699F8 /* TestRange.map in Resources */ = {isa = PBXBuildFile; fileRef = 9683DF90190DCF8C00C699F8 /* TestRange.map */; };
		9683DF94190DD02F00C699F8 /* RocketFire.sks in Resources */ = {isa = PBXBuildFile; fileRef = 9683DF93190DD02F00C699F8 /* RocketFire.sks */; };
		9683DF96190DD04B00C699F8 /* BlackSmokeA.sks in Resources */ = {isa = PBXBuildFile; fileRef = 9683DF95190DD04B00C699F8 /* BlackSmokeA.sks */; };
		96C2DEDC190DC3DB00807B8B /* Foundation.framework in Frameworks */ = {isa = PBXBuildFile; fileRef = 96C2DEDB190DC3DB00807B8B /* Foundation.framework */; };
		96C2DEDE190DC3DB00807B8B /* CoreGraphics.framework in Frameworks */ = {isa = PBXBuildFile; fileRef = 96C2DEDD190DC3DB00807B8B /* CoreGraphics.framework */; };
		96C2DEE0190DC3DB00807B8B /* UIKit.framework in Frameworks */ = {isa = PBXBuildFile; fileRef = 96C2DEDF190DC3DB00807B8B /* UIKit.framework */; };
		96C2DEE2190DC3DB00807B8B /* SpriteKit.framework in Frameworks */ = {isa = PBXBuildFile; fileRef = 96C2DEE1190DC3DB00807B8B /* SpriteKit.framework */; };
		96C2DEE8190DC3DB00807B8B /* InfoPlist.strings in Resources */ = {isa = PBXBuildFile; fileRef = 96C2DEE6190DC3DB00807B8B /* InfoPlist.strings */; };
		96C2DEEA190DC3DB00807B8B /* main.m in Sources */ = {isa = PBXBuildFile; fileRef = 96C2DEE9190DC3DB00807B8B /* main.m */; };
		96C2DEEE190DC3DB00807B8B /* AppDelegate.m in Sources */ = {isa = PBXBuildFile; fileRef = 96C2DEED190DC3DB00807B8B /* AppDelegate.m */; };
		96C2DEF1190DC3DB00807B8B /* Main_iPhone.storyboard in Resources */ = {isa = PBXBuildFile; fileRef = 96C2DEEF190DC3DB00807B8B /* Main_iPhone.storyboard */; };
		96C2DEF4190DC3DB00807B8B /* Main_iPad.storyboard in Resources */ = {isa = PBXBuildFile; fileRef = 96C2DEF2190DC3DB00807B8B /* Main_iPad.storyboard */; };
		96C2DEF7190DC3DB00807B8B /* ViewController.m in Sources */ = {isa = PBXBuildFile; fileRef = 96C2DEF6190DC3DB00807B8B /* ViewController.m */; };
		96C2DEFA190DC3DB00807B8B /* MyScene.m in Sources */ = {isa = PBXBuildFile; fileRef = 96C2DEF9190DC3DB00807B8B /* MyScene.m */; };
		96C2DEFE190DC3DB00807B8B /* Images.xcassets in Resources */ = {isa = PBXBuildFile; fileRef = 96C2DEFD190DC3DB00807B8B /* Images.xcassets */; };
		96C2DF05190DC3DB00807B8B /* XCTest.framework in Frameworks */ = {isa = PBXBuildFile; fileRef = 96C2DF04190DC3DB00807B8B /* XCTest.framework */; };
		96C2DF06190DC3DB00807B8B /* Foundation.framework in Frameworks */ = {isa = PBXBuildFile; fileRef = 96C2DEDB190DC3DB00807B8B /* Foundation.framework */; };
		96C2DF07190DC3DB00807B8B /* UIKit.framework in Frameworks */ = {isa = PBXBuildFile; fileRef = 96C2DEDF190DC3DB00807B8B /* UIKit.framework */; };
		96C2DF0F190DC3DB00807B8B /* InfoPlist.strings in Resources */ = {isa = PBXBuildFile; fileRef = 96C2DF0D190DC3DB00807B8B /* InfoPlist.strings */; };
		96C2DF11190DC3DB00807B8B /* AttackHelicopterTests.m in Sources */ = {isa = PBXBuildFile; fileRef = 96C2DF10190DC3DB00807B8B /* AttackHelicopterTests.m */; };
		96C2DF28190DC93300807B8B /* Cannon.m in Sources */ = {isa = PBXBuildFile; fileRef = 96C2DF27190DC93300807B8B /* Cannon.m */; };
		96C2DF2B190DC95C00807B8B /* Weapon.m in Sources */ = {isa = PBXBuildFile; fileRef = 96C2DF2A190DC95C00807B8B /* Weapon.m */; };
		96C2DF2E190DC99200807B8B /* Bullet.m in Sources */ = {isa = PBXBuildFile; fileRef = 96C2DF2D190DC99200807B8B /* Bullet.m */; };
		96C2DF31190DC9B500807B8B /* AmmoDisplayer.m in Sources */ = {isa = PBXBuildFile; fileRef = 96C2DF30190DC9B500807B8B /* AmmoDisplayer.m */; };
		96C2DF34190DC9C000807B8B /* BadMissile.m in Sources */ = {isa = PBXBuildFile; fileRef = 96C2DF33190DC9C000807B8B /* BadMissile.m */; };
		96C2DF3B190DCA6000807B8B /* ButtonNode.m in Sources */ = {isa = PBXBuildFile; fileRef = 96C2DF3A190DCA6000807B8B /* ButtonNode.m */; };
		96C2DF3F190DCA8400807B8B /* ENAntiAirCannon.m in Sources */ = {isa = PBXBuildFile; fileRef = 96C2DF3E190DCA8400807B8B /* ENAntiAirCannon.m */; };
		96C2DF42190DCA8D00807B8B /* ENFlakGun.m in Sources */ = {isa = PBXBuildFile; fileRef = 96C2DF41190DCA8D00807B8B /* ENFlakGun.m */; };
		96C2DF45190DCA9700807B8B /* ENMissileStation.m in Sources */ = {isa = PBXBuildFile; fileRef = 96C2DF44190DCA9700807B8B /* ENMissileStation.m */; };
		96C2DF48190DCA9E00807B8B /* ENSprite.m in Sources */ = {isa = PBXBuildFile; fileRef = 96C2DF47190DCA9E00807B8B /* ENSprite.m */; };
		96C2DF4A190DCAEF00807B8B /* Explosion.sks in Resources */ = {isa = PBXBuildFile; fileRef = 96C2DF49190DCAEF00807B8B /* Explosion.sks */; };
		96C2DF4D190DCAF800807B8B /* FlakBullet.m in Sources */ = {isa = PBXBuildFile; fileRef = 96C2DF4C190DCAF800807B8B /* FlakBullet.m */; };
		96C2DF50190DCB0000807B8B /* GameScene.m in Sources */ = {isa = PBXBuildFile; fileRef = 96C2DF4F190DCB0000807B8B /* GameScene.m */; };
		96C2DF53190DCB0D00807B8B /* HealthDisplayer.m in Sources */ = {isa = PBXBuildFile; fileRef = 96C2DF52190DCB0D00807B8B /* HealthDisplayer.m */; };
		96C2DF56190DCB1400807B8B /* Helicopter.m in Sources */ = {isa = PBXBuildFile; fileRef = 96C2DF55190DCB1400807B8B /* Helicopter.m */; };
		96C2DF59190DCB2200807B8B /* Joystick.m in Sources */ = {isa = PBXBuildFile; fileRef = 96C2DF58190DCB2200807B8B /* Joystick.m */; };
		96C2DF5C190DCB2B00807B8B /* MapsController.m in Sources */ = {isa = PBXBuildFile; fileRef = 96C2DF5B190DCB2B00807B8B /* MapsController.m */; };
		96C2DF5F190DCB3400807B8B /* MenuScene.m in Sources */ = {isa = PBXBuildFile; fileRef = 96C2DF5E190DCB3400807B8B /* MenuScene.m */; };
		96C2DF62190DCB3E00807B8B /* OverScene.m in Sources */ = {isa = PBXBuildFile; fileRef = 96C2DF61190DCB3E00807B8B /* OverScene.m */; };
		96C2DF65190DCB4600807B8B /* PauseButton.m in Sources */ = {isa = PBXBuildFile; fileRef = 96C2DF64190DCB4600807B8B /* PauseButton.m */; };
		96C2DF67190DCB7900807B8B /* Propeller.atlas in Resources */ = {isa = PBXBuildFile; fileRef = 96C2DF66190DCB7900807B8B /* Propeller.atlas */; };
		96C2DF6A190DCB9000807B8B /* Rocket.m in Sources */ = {isa = PBXBuildFile; fileRef = 96C2DF69190DCB9000807B8B /* Rocket.m */; };
		96C2DF6D190DCB9B00807B8B /* RocketButton.m in Sources */ = {isa = PBXBuildFile; fileRef = 96C2DF6C190DCB9B00807B8B /* RocketButton.m */; };
		96C2DF70190DCBA300807B8B /* ShootButton.m in Sources */ = {isa = PBXBuildFile; fileRef = 96C2DF6F190DCBA300807B8B /* ShootButton.m */; };
		96C2DF73190DCBB400807B8B /* spark.png in Resources */ = {isa = PBXBuildFile; fileRef = 96C2DF71190DCBB400807B8B /* spark.png */; };
		96C2DF74190DCBB400807B8B /* SparkA.sks in Resources */ = {isa = PBXBuildFile; fileRef = 96C2DF72190DCBB400807B8B /* SparkA.sks */; };
		96C2DF76190DCBCF00807B8B /* targetScope.png in Resources */ = {isa = PBXBuildFile; fileRef = 96C2DF75190DCBCF00807B8B /* targetScope.png */; };
		96C2DF79190DCBD800807B8B /* TargetScope.m in Sources */ = {isa = PBXBuildFile; fileRef = 96C2DF78190DCBD800807B8B /* TargetScope.m */; };
		96C2DF7C190DCC0300807B8B /* Tile.m in Sources */ = {isa = PBXBuildFile; fileRef = 96C2DF7B190DCC0300807B8B /* Tile.m */; };
		96C2DF7F190DCC0A00807B8B /* TileMap.m in Sources */ = {isa = PBXBuildFile; fileRef = 96C2DF7E190DCC0A00807B8B /* TileMap.m */; };
		96C2DF81190DCC6900807B8B /* GameResource.xcassets in Resources */ = {isa = PBXBuildFile; fileRef = 96C2DF80190DCC6900807B8B /* GameResource.xcassets */; };
		96C2DF85190DCD5C00807B8B /* UIResource.xcassets in Resources */ = {isa = PBXBuildFile; fileRef = 96C2DF84190DCD5C00807B8B /* UIResource.xcassets */; };
/* End PBXBuildFile section */

/* Begin PBXContainerItemProxy section */
		96C2DF08190DC3DB00807B8B /* PBXContainerItemProxy */ = {
			isa = PBXContainerItemProxy;
			containerPortal = 96C2DED0190DC3DB00807B8B /* Project object */;
			proxyType = 1;
			remoteGlobalIDString = 96C2DED7190DC3DB00807B8B;
			remoteInfo = AttackHelicopter;
		};
/* End PBXContainerItemProxy section */

/* Begin PBXFileReference section */
		96391D5F1914389F007A24E6 /* ENPlane.h */ = {isa = PBXFileReference; fileEncoding = 4; lastKnownFileType = sourcecode.c.h; path = ENPlane.h; sourceTree = "<group>"; };
		96391D601914389F007A24E6 /* ENPlane.m */ = {isa = PBXFileReference; fileEncoding = 4; lastKnownFileType = sourcecode.c.objc; path = ENPlane.m; sourceTree = "<group>"; };
		9683C8C8190EFBEF0094C00D /* TileTexture.atlas */ = {isa = PBXFileReference; lastKnownFileType = folder.skatlas; path = TileTexture.atlas; sourceTree = "<group>"; };
		9683DF8F190DCF8C00C699F8 /* TestRange.enemy */ = {isa = PBXFileReference; fileEncoding = 4; lastKnownFileType = text; path = TestRange.enemy; sourceTree = "<group>"; };
		9683DF90190DCF8C00C699F8 /* TestRange.map */ = {isa = PBXFileReference; fileEncoding = 4; lastKnownFileType = text; path = TestRange.map; sourceTree = "<group>"; };
		9683DF93190DD02F00C699F8 /* RocketFire.sks */ = {isa = PBXFileReference; lastKnownFileType = file.sks; path = RocketFire.sks; sourceTree = "<group>"; };
		9683DF95190DD04B00C699F8 /* BlackSmokeA.sks */ = {isa = PBXFileReference; lastKnownFileType = file.sks; path = BlackSmokeA.sks; sourceTree = "<group>"; };
		96C2DED8190DC3DB00807B8B /* AttackHelicopter.app */ = {isa = PBXFileReference; explicitFileType = wrapper.application; includeInIndex = 0; path = AttackHelicopter.app; sourceTree = BUILT_PRODUCTS_DIR; };
		96C2DEDB190DC3DB00807B8B /* Foundation.framework */ = {isa = PBXFileReference; lastKnownFileType = wrapper.framework; name = Foundation.framework; path = System/Library/Frameworks/Foundation.framework; sourceTree = SDKROOT; };
		96C2DEDD190DC3DB00807B8B /* CoreGraphics.framework */ = {isa = PBXFileReference; lastKnownFileType = wrapper.framework; name = CoreGraphics.framework; path = System/Library/Frameworks/CoreGraphics.framework; sourceTree = SDKROOT; };
		96C2DEDF190DC3DB00807B8B /* UIKit.framework */ = {isa = PBXFileReference; lastKnownFileType = wrapper.framework; name = UIKit.framework; path = System/Library/Frameworks/UIKit.framework; sourceTree = SDKROOT; };
		96C2DEE1190DC3DB00807B8B /* SpriteKit.framework */ = {isa = PBXFileReference; lastKnownFileType = wrapper.framework; name = SpriteKit.framework; path = System/Library/Frameworks/SpriteKit.framework; sourceTree = SDKROOT; };
		96C2DEE5190DC3DB00807B8B /* AttackHelicopter-Info.plist */ = {isa = PBXFileReference; lastKnownFileType = text.plist.xml; path = "AttackHelicopter-Info.plist"; sourceTree = "<group>"; };
		96C2DEE7190DC3DB00807B8B /* en */ = {isa = PBXFileReference; lastKnownFileType = text.plist.strings; name = en; path = en.lproj/InfoPlist.strings; sourceTree = "<group>"; };
		96C2DEE9190DC3DB00807B8B /* main.m */ = {isa = PBXFileReference; lastKnownFileType = sourcecode.c.objc; path = main.m; sourceTree = "<group>"; };
		96C2DEEB190DC3DB00807B8B /* AttackHelicopter-Prefix.pch */ = {isa = PBXFileReference; lastKnownFileType = sourcecode.c.h; path = "AttackHelicopter-Prefix.pch"; sourceTree = "<group>"; };
		96C2DEEC190DC3DB00807B8B /* AppDelegate.h */ = {isa = PBXFileReference; lastKnownFileType = sourcecode.c.h; path = AppDelegate.h; sourceTree = "<group>"; };
		96C2DEED190DC3DB00807B8B /* AppDelegate.m */ = {isa = PBXFileReference; lastKnownFileType = sourcecode.c.objc; path = AppDelegate.m; sourceTree = "<group>"; };
		96C2DEF0190DC3DB00807B8B /* Base */ = {isa = PBXFileReference; lastKnownFileType = file.storyboard; name = Base; path = Base.lproj/Main_iPhone.storyboard; sourceTree = "<group>"; };
		96C2DEF3190DC3DB00807B8B /* Base */ = {isa = PBXFileReference; lastKnownFileType = file.storyboard; name = Base; path = Base.lproj/Main_iPad.storyboard; sourceTree = "<group>"; };
		96C2DEF5190DC3DB00807B8B /* ViewController.h */ = {isa = PBXFileReference; lastKnownFileType = sourcecode.c.h; path = ViewController.h; sourceTree = "<group>"; };
		96C2DEF6190DC3DB00807B8B /* ViewController.m */ = {isa = PBXFileReference; lastKnownFileType = sourcecode.c.objc; path = ViewController.m; sourceTree = "<group>"; };
		96C2DEF8190DC3DB00807B8B /* MyScene.h */ = {isa = PBXFileReference; lastKnownFileType = sourcecode.c.h; path = MyScene.h; sourceTree = "<group>"; };
		96C2DEF9190DC3DB00807B8B /* MyScene.m */ = {isa = PBXFileReference; lastKnownFileType = sourcecode.c.objc; path = MyScene.m; sourceTree = "<group>"; };
		96C2DEFD190DC3DB00807B8B /* Images.xcassets */ = {isa = PBXFileReference; lastKnownFileType = folder.assetcatalog; path = Images.xcassets; sourceTree = "<group>"; };
		96C2DF03190DC3DB00807B8B /* AttackHelicopterTests.xctest */ = {isa = PBXFileReference; explicitFileType = wrapper.cfbundle; includeInIndex = 0; path = AttackHelicopterTests.xctest; sourceTree = BUILT_PRODUCTS_DIR; };
		96C2DF04190DC3DB00807B8B /* XCTest.framework */ = {isa = PBXFileReference; lastKnownFileType = wrapper.framework; name = XCTest.framework; path = Library/Frameworks/XCTest.framework; sourceTree = DEVELOPER_DIR; };
		96C2DF0C190DC3DB00807B8B /* AttackHelicopterTests-Info.plist */ = {isa = PBXFileReference; lastKnownFileType = text.plist.xml; path = "AttackHelicopterTests-Info.plist"; sourceTree = "<group>"; };
		96C2DF0E190DC3DB00807B8B /* en */ = {isa = PBXFileReference; lastKnownFileType = text.plist.strings; name = en; path = en.lproj/InfoPlist.strings; sourceTree = "<group>"; };
		96C2DF10190DC3DB00807B8B /* AttackHelicopterTests.m */ = {isa = PBXFileReference; lastKnownFileType = sourcecode.c.objc; path = AttackHelicopterTests.m; sourceTree = "<group>"; };
		96C2DF26190DC93300807B8B /* Cannon.h */ = {isa = PBXFileReference; fileEncoding = 4; lastKnownFileType = sourcecode.c.h; path = Cannon.h; sourceTree = "<group>"; };
		96C2DF27190DC93300807B8B /* Cannon.m */ = {isa = PBXFileReference; fileEncoding = 4; lastKnownFileType = sourcecode.c.objc; path = Cannon.m; sourceTree = "<group>"; };
		96C2DF29190DC95C00807B8B /* Weapon.h */ = {isa = PBXFileReference; fileEncoding = 4; lastKnownFileType = sourcecode.c.h; path = Weapon.h; sourceTree = "<group>"; };
		96C2DF2A190DC95C00807B8B /* Weapon.m */ = {isa = PBXFileReference; fileEncoding = 4; lastKnownFileType = sourcecode.c.objc; path = Weapon.m; sourceTree = "<group>"; };
		96C2DF2C190DC99200807B8B /* Bullet.h */ = {isa = PBXFileReference; fileEncoding = 4; lastKnownFileType = sourcecode.c.h; path = Bullet.h; sourceTree = "<group>"; };
		96C2DF2D190DC99200807B8B /* Bullet.m */ = {isa = PBXFileReference; fileEncoding = 4; lastKnownFileType = sourcecode.c.objc; path = Bullet.m; sourceTree = "<group>"; };
		96C2DF2F190DC9B500807B8B /* AmmoDisplayer.h */ = {isa = PBXFileReference; fileEncoding = 4; lastKnownFileType = sourcecode.c.h; path = AmmoDisplayer.h; sourceTree = "<group>"; };
		96C2DF30190DC9B500807B8B /* AmmoDisplayer.m */ = {isa = PBXFileReference; fileEncoding = 4; lastKnownFileType = sourcecode.c.objc; path = AmmoDisplayer.m; sourceTree = "<group>"; };
		96C2DF32190DC9C000807B8B /* BadMissile.h */ = {isa = PBXFileReference; fileEncoding = 4; lastKnownFileType = sourcecode.c.h; path = BadMissile.h; sourceTree = "<group>"; };
		96C2DF33190DC9C000807B8B /* BadMissile.m */ = {isa = PBXFileReference; fileEncoding = 4; lastKnownFileType = sourcecode.c.objc; path = BadMissile.m; sourceTree = "<group>"; };
		96C2DF39190DCA6000807B8B /* ButtonNode.h */ = {isa = PBXFileReference; fileEncoding = 4; lastKnownFileType = sourcecode.c.h; path = ButtonNode.h; sourceTree = "<group>"; };
		96C2DF3A190DCA6000807B8B /* ButtonNode.m */ = {isa = PBXFileReference; fileEncoding = 4; lastKnownFileType = sourcecode.c.objc; path = ButtonNode.m; sourceTree = "<group>"; };
		96C2DF3C190DCA7400807B8B /* CategoryBitMaskOpition.h */ = {isa = PBXFileReference; fileEncoding = 4; lastKnownFileType = sourcecode.c.h; path = CategoryBitMaskOpition.h; sourceTree = "<group>"; };
		96C2DF3D190DCA8400807B8B /* ENAntiAirCannon.h */ = {isa = PBXFileReference; fileEncoding = 4; lastKnownFileType = sourcecode.c.h; path = ENAntiAirCannon.h; sourceTree = "<group>"; };
		96C2DF3E190DCA8400807B8B /* ENAntiAirCannon.m */ = {isa = PBXFileReference; fileEncoding = 4; lastKnownFileType = sourcecode.c.objc; path = ENAntiAirCannon.m; sourceTree = "<group>"; };
		96C2DF40190DCA8D00807B8B /* ENFlakGun.h */ = {isa = PBXFileReference; fileEncoding = 4; lastKnownFileType = sourcecode.c.h; path = ENFlakGun.h; sourceTree = "<group>"; };
		96C2DF41190DCA8D00807B8B /* ENFlakGun.m */ = {isa = PBXFileReference; fileEncoding = 4; lastKnownFileType = sourcecode.c.objc; path = ENFlakGun.m; sourceTree = "<group>"; };
		96C2DF43190DCA9700807B8B /* ENMissileStation.h */ = {isa = PBXFileReference; fileEncoding = 4; lastKnownFileType = sourcecode.c.h; path = ENMissileStation.h; sourceTree = "<group>"; };
		96C2DF44190DCA9700807B8B /* ENMissileStation.m */ = {isa = PBXFileReference; fileEncoding = 4; lastKnownFileType = sourcecode.c.objc; path = ENMissileStation.m; sourceTree = "<group>"; };
		96C2DF46190DCA9E00807B8B /* ENSprite.h */ = {isa = PBXFileReference; fileEncoding = 4; lastKnownFileType = sourcecode.c.h; path = ENSprite.h; sourceTree = "<group>"; };
		96C2DF47190DCA9E00807B8B /* ENSprite.m */ = {isa = PBXFileReference; fileEncoding = 4; lastKnownFileType = sourcecode.c.objc; path = ENSprite.m; sourceTree = "<group>"; };
		96C2DF49190DCAEF00807B8B /* Explosion.sks */ = {isa = PBXFileReference; lastKnownFileType = file.sks; path = Explosion.sks; sourceTree = "<group>"; };
		96C2DF4B190DCAF800807B8B /* FlakBullet.h */ = {isa = PBXFileReference; fileEncoding = 4; lastKnownFileType = sourcecode.c.h; path = FlakBullet.h; sourceTree = "<group>"; };
		96C2DF4C190DCAF800807B8B /* FlakBullet.m */ = {isa = PBXFileReference; fileEncoding = 4; lastKnownFileType = sourcecode.c.objc; path = FlakBullet.m; sourceTree = "<group>"; };
		96C2DF4E190DCB0000807B8B /* GameScene.h */ = {isa = PBXFileReference; fileEncoding = 4; lastKnownFileType = sourcecode.c.h; path = GameScene.h; sourceTree = "<group>"; };
		96C2DF4F190DCB0000807B8B /* GameScene.m */ = {isa = PBXFileReference; fileEncoding = 4; lastKnownFileType = sourcecode.c.objc; path = GameScene.m; sourceTree = "<group>"; };
		96C2DF51190DCB0D00807B8B /* HealthDisplayer.h */ = {isa = PBXFileReference; fileEncoding = 4; lastKnownFileType = sourcecode.c.h; path = HealthDisplayer.h; sourceTree = "<group>"; };
		96C2DF52190DCB0D00807B8B /* HealthDisplayer.m */ = {isa = PBXFileReference; fileEncoding = 4; lastKnownFileType = sourcecode.c.objc; path = HealthDisplayer.m; sourceTree = "<group>"; };
		96C2DF54190DCB1400807B8B /* Helicopter.h */ = {isa = PBXFileReference; fileEncoding = 4; lastKnownFileType = sourcecode.c.h; path = Helicopter.h; sourceTree = "<group>"; };
		96C2DF55190DCB1400807B8B /* Helicopter.m */ = {isa = PBXFileReference; fileEncoding = 4; lastKnownFileType = sourcecode.c.objc; path = Helicopter.m; sourceTree = "<group>"; };
		96C2DF57190DCB2200807B8B /* Joystick.h */ = {isa = PBXFileReference; fileEncoding = 4; lastKnownFileType = sourcecode.c.h; path = Joystick.h; sourceTree = "<group>"; };
		96C2DF58190DCB2200807B8B /* Joystick.m */ = {isa = PBXFileReference; fileEncoding = 4; lastKnownFileType = sourcecode.c.objc; path = Joystick.m; sourceTree = "<group>"; };
		96C2DF5A190DCB2B00807B8B /* MapsController.h */ = {isa = PBXFileReference; fileEncoding = 4; lastKnownFileType = sourcecode.c.h; path = MapsController.h; sourceTree = "<group>"; };
		96C2DF5B190DCB2B00807B8B /* MapsController.m */ = {isa = PBXFileReference; fileEncoding = 4; lastKnownFileType = sourcecode.c.objc; path = MapsController.m; sourceTree = "<group>"; };
		96C2DF5D190DCB3400807B8B /* MenuScene.h */ = {isa = PBXFileReference; fileEncoding = 4; lastKnownFileType = sourcecode.c.h; path = MenuScene.h; sourceTree = "<group>"; };
		96C2DF5E190DCB3400807B8B /* MenuScene.m */ = {isa = PBXFileReference; fileEncoding = 4; lastKnownFileType = sourcecode.c.objc; path = MenuScene.m; sourceTree = "<group>"; };
		96C2DF60190DCB3E00807B8B /* OverScene.h */ = {isa = PBXFileReference; fileEncoding = 4; lastKnownFileType = sourcecode.c.h; path = OverScene.h; sourceTree = "<group>"; };
		96C2DF61190DCB3E00807B8B /* OverScene.m */ = {isa = PBXFileReference; fileEncoding = 4; lastKnownFileType = sourcecode.c.objc; path = OverScene.m; sourceTree = "<group>"; };
		96C2DF63190DCB4600807B8B /* PauseButton.h */ = {isa = PBXFileReference; fileEncoding = 4; lastKnownFileType = sourcecode.c.h; path = PauseButton.h; sourceTree = "<group>"; };
		96C2DF64190DCB4600807B8B /* PauseButton.m */ = {isa = PBXFileReference; fileEncoding = 4; lastKnownFileType = sourcecode.c.objc; path = PauseButton.m; sourceTree = "<group>"; };
		96C2DF66190DCB7900807B8B /* Propeller.atlas */ = {isa = PBXFileReference; lastKnownFileType = folder.skatlas; path = Propeller.atlas; sourceTree = "<group>"; };
		96C2DF68190DCB9000807B8B /* Rocket.h */ = {isa = PBXFileReference; fileEncoding = 4; lastKnownFileType = sourcecode.c.h; path = Rocket.h; sourceTree = "<group>"; };
		96C2DF69190DCB9000807B8B /* Rocket.m */ = {isa = PBXFileReference; fileEncoding = 4; lastKnownFileType = sourcecode.c.objc; path = Rocket.m; sourceTree = "<group>"; };
		96C2DF6B190DCB9B00807B8B /* RocketButton.h */ = {isa = PBXFileReference; fileEncoding = 4; lastKnownFileType = sourcecode.c.h; path = RocketButton.h; sourceTree = "<group>"; };
		96C2DF6C190DCB9B00807B8B /* RocketButton.m */ = {isa = PBXFileReference; fileEncoding = 4; lastKnownFileType = sourcecode.c.objc; path = RocketButton.m; sourceTree = "<group>"; };
		96C2DF6E190DCBA300807B8B /* ShootButton.h */ = {isa = PBXFileReference; fileEncoding = 4; lastKnownFileType = sourcecode.c.h; path = ShootButton.h; sourceTree = "<group>"; };
		96C2DF6F190DCBA300807B8B /* ShootButton.m */ = {isa = PBXFileReference; fileEncoding = 4; lastKnownFileType = sourcecode.c.objc; path = ShootButton.m; sourceTree = "<group>"; };
		96C2DF71190DCBB400807B8B /* spark.png */ = {isa = PBXFileReference; lastKnownFileType = image.png; path = spark.png; sourceTree = "<group>"; };
		96C2DF72190DCBB400807B8B /* SparkA.sks */ = {isa = PBXFileReference; lastKnownFileType = file.sks; path = SparkA.sks; sourceTree = "<group>"; };
		96C2DF75190DCBCF00807B8B /* targetScope.png */ = {isa = PBXFileReference; lastKnownFileType = image.png; path = targetScope.png; sourceTree = "<group>"; };
		96C2DF77190DCBD800807B8B /* TargetScope.h */ = {isa = PBXFileReference; fileEncoding = 4; lastKnownFileType = sourcecode.c.h; path = TargetScope.h; sourceTree = "<group>"; };
		96C2DF78190DCBD800807B8B /* TargetScope.m */ = {isa = PBXFileReference; fileEncoding = 4; lastKnownFileType = sourcecode.c.objc; path = TargetScope.m; sourceTree = "<group>"; };
		96C2DF7A190DCC0300807B8B /* Tile.h */ = {isa = PBXFileReference; fileEncoding = 4; lastKnownFileType = sourcecode.c.h; path = Tile.h; sourceTree = "<group>"; };
		96C2DF7B190DCC0300807B8B /* Tile.m */ = {isa = PBXFileReference; fileEncoding = 4; lastKnownFileType = sourcecode.c.objc; path = Tile.m; sourceTree = "<group>"; };
		96C2DF7D190DCC0A00807B8B /* TileMap.h */ = {isa = PBXFileReference; fileEncoding = 4; lastKnownFileType = sourcecode.c.h; path = TileMap.h; sourceTree = "<group>"; };
		96C2DF7E190DCC0A00807B8B /* TileMap.m */ = {isa = PBXFileReference; fileEncoding = 4; lastKnownFileType = sourcecode.c.objc; path = TileMap.m; sourceTree = "<group>"; };
		96C2DF80190DCC6900807B8B /* GameResource.xcassets */ = {isa = PBXFileReference; lastKnownFileType = folder.assetcatalog; path = GameResource.xcassets; sourceTree = "<group>"; };
		96C2DF84190DCD5C00807B8B /* UIResource.xcassets */ = {isa = PBXFileReference; lastKnownFileType = folder.assetcatalog; path = UIResource.xcassets; sourceTree = "<group>"; };
/* End PBXFileReference section */

/* Begin PBXFrameworksBuildPhase section */
		96C2DED5190DC3DB00807B8B /* Frameworks */ = {
			isa = PBXFrameworksBuildPhase;
			buildActionMask = 2147483647;
			files = (
				96C2DEDE190DC3DB00807B8B /* CoreGraphics.framework in Frameworks */,
				96C2DEE0190DC3DB00807B8B /* UIKit.framework in Frameworks */,
				96C2DEE2190DC3DB00807B8B /* SpriteKit.framework in Frameworks */,
				96C2DEDC190DC3DB00807B8B /* Foundation.framework in Frameworks */,
			);
			runOnlyForDeploymentPostprocessing = 0;
		};
		96C2DF00190DC3DB00807B8B /* Frameworks */ = {
			isa = PBXFrameworksBuildPhase;
			buildActionMask = 2147483647;
			files = (
				96C2DF05190DC3DB00807B8B /* XCTest.framework in Frameworks */,
				96C2DF07190DC3DB00807B8B /* UIKit.framework in Frameworks */,
				96C2DF06190DC3DB00807B8B /* Foundation.framework in Frameworks */,
			);
			runOnlyForDeploymentPostprocessing = 0;
		};
/* End PBXFrameworksBuildPhase section */

/* Begin PBXGroup section */
		96C2DECF190DC3DB00807B8B = {
			isa = PBXGroup;
			children = (
				96C2DEE3190DC3DB00807B8B /* AttackHelicopter */,
				96C2DF0A190DC3DB00807B8B /* AttackHelicopterTests */,
				96C2DEDA190DC3DB00807B8B /* Frameworks */,
				96C2DED9190DC3DB00807B8B /* Products */,
			);
			sourceTree = "<group>";
		};
		96C2DED9190DC3DB00807B8B /* Products */ = {
			isa = PBXGroup;
			children = (
				96C2DED8190DC3DB00807B8B /* AttackHelicopter.app */,
				96C2DF03190DC3DB00807B8B /* AttackHelicopterTests.xctest */,
			);
			name = Products;
			sourceTree = "<group>";
		};
		96C2DEDA190DC3DB00807B8B /* Frameworks */ = {
			isa = PBXGroup;
			children = (
				96C2DEDB190DC3DB00807B8B /* Foundation.framework */,
				96C2DEDD190DC3DB00807B8B /* CoreGraphics.framework */,
				96C2DEDF190DC3DB00807B8B /* UIKit.framework */,
				96C2DEE1190DC3DB00807B8B /* SpriteKit.framework */,
				96C2DF04190DC3DB00807B8B /* XCTest.framework */,
			);
			name = Frameworks;
			sourceTree = "<group>";
		};
		96C2DEE3190DC3DB00807B8B /* AttackHelicopter */ = {
			isa = PBXGroup;
			children = (
				96C2DF1B190DC60B00807B8B /* Scene */,
				96C2DF1A190DC5BE00807B8B /* Controller */,
				96C2DF1E190DC63800807B8B /* Map */,
				96C2DF1C190DC61900807B8B /* UI Element */,
				96C2DF1D190DC62900807B8B /* Game Element */,
				96C2DEE4190DC3DB00807B8B /* Supporting Files */,
			);
			path = AttackHelicopter;
			sourceTree = "<group>";
		};
		96C2DEE4190DC3DB00807B8B /* Supporting Files */ = {
			isa = PBXGroup;
			children = (
				96C2DEFD190DC3DB00807B8B /* Images.xcassets */,
				96C2DEE5190DC3DB00807B8B /* AttackHelicopter-Info.plist */,
				96C2DEE6190DC3DB00807B8B /* InfoPlist.strings */,
				96C2DEE9190DC3DB00807B8B /* main.m */,
				96C2DEEB190DC3DB00807B8B /* AttackHelicopter-Prefix.pch */,
			);
			name = "Supporting Files";
			sourceTree = "<group>";
		};
		96C2DF0A190DC3DB00807B8B /* AttackHelicopterTests */ = {
			isa = PBXGroup;
			children = (
				96C2DF10190DC3DB00807B8B /* AttackHelicopterTests.m */,
				96C2DF0B190DC3DB00807B8B /* Supporting Files */,
			);
			path = AttackHelicopterTests;
			sourceTree = "<group>";
		};
		96C2DF0B190DC3DB00807B8B /* Supporting Files */ = {
			isa = PBXGroup;
			children = (
				96C2DF0C190DC3DB00807B8B /* AttackHelicopterTests-Info.plist */,
				96C2DF0D190DC3DB00807B8B /* InfoPlist.strings */,
			);
			name = "Supporting Files";
			sourceTree = "<group>";
		};
		96C2DF1A190DC5BE00807B8B /* Controller */ = {
			isa = PBXGroup;
			children = (
				96C2DEEC190DC3DB00807B8B /* AppDelegate.h */,
				96C2DEED190DC3DB00807B8B /* AppDelegate.m */,
				96C2DEEF190DC3DB00807B8B /* Main_iPhone.storyboard */,
				96C2DEF2190DC3DB00807B8B /* Main_iPad.storyboard */,
				96C2DEF5190DC3DB00807B8B /* ViewController.h */,
				96C2DEF6190DC3DB00807B8B /* ViewController.m */,
			);
			name = Controller;
			sourceTree = "<group>";
		};
		96C2DF1B190DC60B00807B8B /* Scene */ = {
			isa = PBXGroup;
			children = (
				96C2DF60190DCB3E00807B8B /* OverScene.h */,
				96C2DF61190DCB3E00807B8B /* OverScene.m */,
				96C2DF4E190DCB0000807B8B /* GameScene.h */,
				96C2DF4F190DCB0000807B8B /* GameScene.m */,
				96C2DF5D190DCB3400807B8B /* MenuScene.h */,
				96C2DF5E190DCB3400807B8B /* MenuScene.m */,
				96C2DEF8190DC3DB00807B8B /* MyScene.h */,
				96C2DEF9190DC3DB00807B8B /* MyScene.m */,
			);
			name = Scene;
			sourceTree = "<group>";
		};
		96C2DF1C190DC61900807B8B /* UI Element */ = {
			isa = PBXGroup;
			children = (
				96C2DF75190DCBCF00807B8B /* targetScope.png */,
				96C2DF77190DCBD800807B8B /* TargetScope.h */,
				96C2DF78190DCBD800807B8B /* TargetScope.m */,
				96C2DF5A190DCB2B00807B8B /* MapsController.h */,
				96C2DF5B190DCB2B00807B8B /* MapsController.m */,
				96C2DF57190DCB2200807B8B /* Joystick.h */,
				96C2DF58190DCB2200807B8B /* Joystick.m */,
				96C2DF20190DC65300807B8B /* Button */,
				96C2DF1F190DC64500807B8B /* Displayer */,
				96C2DF84190DCD5C00807B8B /* UIResource.xcassets */,
			);
			name = "UI Element";
			sourceTree = "<group>";
		};
		96C2DF1D190DC62900807B8B /* Game Element */ = {
			isa = PBXGroup;
			children = (
				96C2DF21190DC66A00807B8B /* Helicopter */,
				96C2DF23190DC67700807B8B /* Weapon */,
				96C2DF24190DC68100807B8B /* Enemy */,
				96C2DF25190DC69000807B8B /* Support */,
			);
			name = "Game Element";
			sourceTree = "<group>";
		};
		96C2DF1E190DC63800807B8B /* Map */ = {
			isa = PBXGroup;
			children = (
				96C2DF7A190DCC0300807B8B /* Tile.h */,
				96C2DF7B190DCC0300807B8B /* Tile.m */,
				96C2DF7D190DCC0A00807B8B /* TileMap.h */,
				96C2DF7E190DCC0A00807B8B /* TileMap.m */,
				9683DF8F190DCF8C00C699F8 /* TestRange.enemy */,
				9683DF90190DCF8C00C699F8 /* TestRange.map */,
				9683C8C8190EFBEF0094C00D /* TileTexture.atlas */,
			);
			name = Map;
			sourceTree = "<group>";
		};
		96C2DF1F190DC64500807B8B /* Displayer */ = {
			isa = PBXGroup;
			children = (
				96C2DF51190DCB0D00807B8B /* HealthDisplayer.h */,
				96C2DF52190DCB0D00807B8B /* HealthDisplayer.m */,
				96C2DF2F190DC9B500807B8B /* AmmoDisplayer.h */,
				96C2DF30190DC9B500807B8B /* AmmoDisplayer.m */,
			);
			name = Displayer;
			sourceTree = "<group>";
		};
		96C2DF20190DC65300807B8B /* Button */ = {
			isa = PBXGroup;
			children = (
				96C2DF39190DCA6000807B8B /* ButtonNode.h */,
				96C2DF3A190DCA6000807B8B /* ButtonNode.m */,
				96C2DF63190DCB4600807B8B /* PauseButton.h */,
				96C2DF64190DCB4600807B8B /* PauseButton.m */,
				96C2DF6B190DCB9B00807B8B /* RocketButton.h */,
				96C2DF6C190DCB9B00807B8B /* RocketButton.m */,
				96C2DF6E190DCBA300807B8B /* ShootButton.h */,
				96C2DF6F190DCBA300807B8B /* ShootButton.m */,
			);
			name = Button;
			sourceTree = "<group>";
		};
		96C2DF21190DC66A00807B8B /* Helicopter */ = {
			isa = PBXGroup;
			children = (
				96C2DF54190DCB1400807B8B /* Helicopter.h */,
				96C2DF55190DCB1400807B8B /* Helicopter.m */,
				96C2DF26190DC93300807B8B /* Cannon.h */,
				96C2DF27190DC93300807B8B /* Cannon.m */,
			);
			name = Helicopter;
			sourceTree = "<group>";
		};
		96C2DF23190DC67700807B8B /* Weapon */ = {
			isa = PBXGroup;
			children = (
				96C2DF68190DCB9000807B8B /* Rocket.h */,
				96C2DF69190DCB9000807B8B /* Rocket.m */,
				96C2DF4B190DCAF800807B8B /* FlakBullet.h */,
				96C2DF4C190DCAF800807B8B /* FlakBullet.m */,
				96C2DF29190DC95C00807B8B /* Weapon.h */,
				96C2DF2A190DC95C00807B8B /* Weapon.m */,
				96C2DF2C190DC99200807B8B /* Bullet.h */,
				96C2DF2D190DC99200807B8B /* Bullet.m */,
				96C2DF32190DC9C000807B8B /* BadMissile.h */,
				96C2DF33190DC9C000807B8B /* BadMissile.m */,
			);
			name = Weapon;
			sourceTree = "<group>";
		};
		96C2DF24190DC68100807B8B /* Enemy */ = {
			isa = PBXGroup;
			children = (
				96C2DF46190DCA9E00807B8B /* ENSprite.h */,
				96C2DF47190DCA9E00807B8B /* ENSprite.m */,
				96C2DF43190DCA9700807B8B /* ENMissileStation.h */,
				96C2DF44190DCA9700807B8B /* ENMissileStation.m */,
				96C2DF3D190DCA8400807B8B /* ENAntiAirCannon.h */,
				96C2DF3E190DCA8400807B8B /* ENAntiAirCannon.m */,
				96C2DF40190DCA8D00807B8B /* ENFlakGun.h */,
				96C2DF41190DCA8D00807B8B /* ENFlakGun.m */,
				96391D5F1914389F007A24E6 /* ENPlane.h */,
				96391D601914389F007A24E6 /* ENPlane.m */,
			);
			name = Enemy;
			sourceTree = "<group>";
		};
		96C2DF25190DC69000807B8B /* Support */ = {
			isa = PBXGroup;
			children = (
				96C2DF66190DCB7900807B8B /* Propeller.atlas */,
				96C2DF3C190DCA7400807B8B /* CategoryBitMaskOpition.h */,
				9683DF95190DD04B00C699F8 /* BlackSmokeA.sks */,
				96C2DF49190DCAEF00807B8B /* Explosion.sks */,
				96C2DF71190DCBB400807B8B /* spark.png */,
				9683DF93190DD02F00C699F8 /* RocketFire.sks */,
				96C2DF72190DCBB400807B8B /* SparkA.sks */,
				96C2DF80190DCC6900807B8B /* GameResource.xcassets */,
			);
			name = Support;
			sourceTree = "<group>";
		};
/* End PBXGroup section */

/* Begin PBXNativeTarget section */
		96C2DED7190DC3DB00807B8B /* AttackHelicopter */ = {
			isa = PBXNativeTarget;
			buildConfigurationList = 96C2DF14190DC3DB00807B8B /* Build configuration list for PBXNativeTarget "AttackHelicopter" */;
			buildPhases = (
				96C2DED4190DC3DB00807B8B /* Sources */,
				96C2DED5190DC3DB00807B8B /* Frameworks */,
				96C2DED6190DC3DB00807B8B /* Resources */,
			);
			buildRules = (
			);
			dependencies = (
			);
			name = AttackHelicopter;
			productName = AttackHelicopter;
			productReference = 96C2DED8190DC3DB00807B8B /* AttackHelicopter.app */;
			productType = "com.apple.product-type.application";
		};
		96C2DF02190DC3DB00807B8B /* AttackHelicopterTests */ = {
			isa = PBXNativeTarget;
			buildConfigurationList = 96C2DF17190DC3DB00807B8B /* Build configuration list for PBXNativeTarget "AttackHelicopterTests" */;
			buildPhases = (
				96C2DEFF190DC3DB00807B8B /* Sources */,
				96C2DF00190DC3DB00807B8B /* Frameworks */,
				96C2DF01190DC3DB00807B8B /* Resources */,
			);
			buildRules = (
			);
			dependencies = (
				96C2DF09190DC3DB00807B8B /* PBXTargetDependency */,
			);
			name = AttackHelicopterTests;
			productName = AttackHelicopterTests;
			productReference = 96C2DF03190DC3DB00807B8B /* AttackHelicopterTests.xctest */;
			productType = "com.apple.product-type.bundle.unit-test";
		};
/* End PBXNativeTarget section */

/* Begin PBXProject section */
		96C2DED0190DC3DB00807B8B /* Project object */ = {
			isa = PBXProject;
			attributes = {
				LastUpgradeCheck = 0510;
				ORGANIZATIONNAME = "Edward Peiliang Guo";
				TargetAttributes = {
					96C2DF02190DC3DB00807B8B = {
						TestTargetID = 96C2DED7190DC3DB00807B8B;
					};
				};
			};
			buildConfigurationList = 96C2DED3190DC3DB00807B8B /* Build configuration list for PBXProject "AttackHelicopter" */;
			compatibilityVersion = "Xcode 3.2";
			developmentRegion = English;
			hasScannedForEncodings = 0;
			knownRegions = (
				en,
				Base,
			);
			mainGroup = 96C2DECF190DC3DB00807B8B;
			productRefGroup = 96C2DED9190DC3DB00807B8B /* Products */;
			projectDirPath = "";
			projectRoot = "";
			targets = (
				96C2DED7190DC3DB00807B8B /* AttackHelicopter */,
				96C2DF02190DC3DB00807B8B /* AttackHelicopterTests */,
			);
		};
/* End PBXProject section */

/* Begin PBXResourcesBuildPhase section */
		96C2DED6190DC3DB00807B8B /* Resources */ = {
			isa = PBXResourcesBuildPhase;
			buildActionMask = 2147483647;
			files = (
				96C2DEFE190DC3DB00807B8B /* Images.xcassets in Resources */,
				96C2DF85190DCD5C00807B8B /* UIResource.xcassets in Resources */,
				9683DF92190DCF8C00C699F8 /* TestRange.map in Resources */,
				96C2DF67190DCB7900807B8B /* Propeller.atlas in Resources */,
				96C2DF76190DCBCF00807B8B /* targetScope.png in Resources */,
				9683DF94190DD02F00C699F8 /* RocketFire.sks in Resources */,
				96C2DF81190DCC6900807B8B /* GameResource.xcassets in Resources */,
				96C2DEF4190DC3DB00807B8B /* Main_iPad.storyboard in Resources */,
				96C2DF74190DCBB400807B8B /* SparkA.sks in Resources */,
				96C2DF73190DCBB400807B8B /* spark.png in Resources */,
				9683C8C9190EFBEF0094C00D /* TileTexture.atlas in Resources */,
				9683DF96190DD04B00C699F8 /* BlackSmokeA.sks in Resources */,
				9683DF91190DCF8C00C699F8 /* TestRange.enemy in Resources */,
				96C2DF4A190DCAEF00807B8B /* Explosion.sks in Resources */,
				96C2DEF1190DC3DB00807B8B /* Main_iPhone.storyboard in Resources */,
				96C2DEE8190DC3DB00807B8B /* InfoPlist.strings in Resources */,
			);
			runOnlyForDeploymentPostprocessing = 0;
		};
		96C2DF01190DC3DB00807B8B /* Resources */ = {
			isa = PBXResourcesBuildPhase;
			buildActionMask = 2147483647;
			files = (
				96C2DF0F190DC3DB00807B8B /* InfoPlist.strings in Resources */,
			);
			runOnlyForDeploymentPostprocessing = 0;
		};
/* End PBXResourcesBuildPhase section */

/* Begin PBXSourcesBuildPhase section */
		96C2DED4190DC3DB00807B8B /* Sources */ = {
			isa = PBXSourcesBuildPhase;
			buildActionMask = 2147483647;
			files = (
				96C2DF5C190DCB2B00807B8B /* MapsController.m in Sources */,
				96391D611914389F007A24E6 /* ENPlane.m in Sources */,
				96C2DF59190DCB2200807B8B /* Joystick.m in Sources */,
				96C2DF56190DCB1400807B8B /* Helicopter.m in Sources */,
				96C2DF5F190DCB3400807B8B /* MenuScene.m in Sources */,
				96C2DF2E190DC99200807B8B /* Bullet.m in Sources */,
				96C2DF42190DCA8D00807B8B /* ENFlakGun.m in Sources */,
				96C2DF65190DCB4600807B8B /* PauseButton.m in Sources */,
				96C2DF4D190DCAF800807B8B /* FlakBullet.m in Sources */,
				96C2DF3B190DCA6000807B8B /* ButtonNode.m in Sources */,
				96C2DF31190DC9B500807B8B /* AmmoDisplayer.m in Sources */,
				96C2DEFA190DC3DB00807B8B /* MyScene.m in Sources */,
				96C2DF6A190DCB9000807B8B /* Rocket.m in Sources */,
				96C2DEF7190DC3DB00807B8B /* ViewController.m in Sources */,
				96C2DF79190DCBD800807B8B /* TargetScope.m in Sources */,
				96C2DF53190DCB0D00807B8B /* HealthDisplayer.m in Sources */,
				96C2DF45190DCA9700807B8B /* ENMissileStation.m in Sources */,
				96C2DF28190DC93300807B8B /* Cannon.m in Sources */,
				96C2DF34190DC9C000807B8B /* BadMissile.m in Sources */,
				96C2DF70190DCBA300807B8B /* ShootButton.m in Sources */,
				96C2DF7F190DCC0A00807B8B /* TileMap.m in Sources */,
				96C2DF7C190DCC0300807B8B /* Tile.m in Sources */,
				96C2DF3F190DCA8400807B8B /* ENAntiAirCannon.m in Sources */,
				96C2DF2B190DC95C00807B8B /* Weapon.m in Sources */,
				96C2DF48190DCA9E00807B8B /* ENSprite.m in Sources */,
				96C2DF62190DCB3E00807B8B /* OverScene.m in Sources */,
				96C2DEEE190DC3DB00807B8B /* AppDelegate.m in Sources */,
				96C2DF50190DCB0000807B8B /* GameScene.m in Sources */,
				96C2DEEA190DC3DB00807B8B /* main.m in Sources */,
				96C2DF6D190DCB9B00807B8B /* RocketButton.m in Sources */,
			);
			runOnlyForDeploymentPostprocessing = 0;
		};
		96C2DEFF190DC3DB00807B8B /* Sources */ = {
			isa = PBXSourcesBuildPhase;
			buildActionMask = 2147483647;
			files = (
				96C2DF11190DC3DB00807B8B /* AttackHelicopterTests.m in Sources */,
			);
			runOnlyForDeploymentPostprocessing = 0;
		};
/* End PBXSourcesBuildPhase section */

/* Begin PBXTargetDependency section */
		96C2DF09190DC3DB00807B8B /* PBXTargetDependency */ = {
			isa = PBXTargetDependency;
			target = 96C2DED7190DC3DB00807B8B /* AttackHelicopter */;
			targetProxy = 96C2DF08190DC3DB00807B8B /* PBXContainerItemProxy */;
		};
/* End PBXTargetDependency section */

/* Begin PBXVariantGroup section */
		96C2DEE6190DC3DB00807B8B /* InfoPlist.strings */ = {
			isa = PBXVariantGroup;
			children = (
				96C2DEE7190DC3DB00807B8B /* en */,
			);
			name = InfoPlist.strings;
			sourceTree = "<group>";
		};
		96C2DEEF190DC3DB00807B8B /* Main_iPhone.storyboard */ = {
			isa = PBXVariantGroup;
			children = (
				96C2DEF0190DC3DB00807B8B /* Base */,
			);
			name = Main_iPhone.storyboard;
			sourceTree = "<group>";
		};
		96C2DEF2190DC3DB00807B8B /* Main_iPad.storyboard */ = {
			isa = PBXVariantGroup;
			children = (
				96C2DEF3190DC3DB00807B8B /* Base */,
			);
			name = Main_iPad.storyboard;
			sourceTree = "<group>";
		};
		96C2DF0D190DC3DB00807B8B /* InfoPlist.strings */ = {
			isa = PBXVariantGroup;
			children = (
				96C2DF0E190DC3DB00807B8B /* en */,
			);
			name = InfoPlist.strings;
			sourceTree = "<group>";
		};
/* End PBXVariantGroup section */

/* Begin XCBuildConfiguration section */
		96C2DF12190DC3DB00807B8B /* Debug */ = {
			isa = XCBuildConfiguration;
			buildSettings = {
				ALWAYS_SEARCH_USER_PATHS = NO;
				CLANG_CXX_LANGUAGE_STANDARD = "gnu++0x";
				CLANG_CXX_LIBRARY = "libc++";
				CLANG_ENABLE_MODULES = YES;
				CLANG_ENABLE_OBJC_ARC = YES;
				CLANG_WARN_BOOL_CONVERSION = YES;
				CLANG_WARN_CONSTANT_CONVERSION = YES;
				CLANG_WARN_DIRECT_OBJC_ISA_USAGE = YES_ERROR;
				CLANG_WARN_EMPTY_BODY = YES;
				CLANG_WARN_ENUM_CONVERSION = YES;
				CLANG_WARN_INT_CONVERSION = YES;
				CLANG_WARN_OBJC_ROOT_CLASS = YES_ERROR;
				CLANG_WARN__DUPLICATE_METHOD_MATCH = YES;
				"CODE_SIGN_IDENTITY[sdk=iphoneos*]" = "iPhone Developer";
				COPY_PHASE_STRIP = NO;
				GCC_C_LANGUAGE_STANDARD = gnu99;
				GCC_DYNAMIC_NO_PIC = NO;
				GCC_OPTIMIZATION_LEVEL = 0;
				GCC_PREPROCESSOR_DEFINITIONS = (
					"DEBUG=1",
					"$(inherited)",
				);
				GCC_SYMBOLS_PRIVATE_EXTERN = NO;
				GCC_WARN_64_TO_32_BIT_CONVERSION = YES;
				GCC_WARN_ABOUT_RETURN_TYPE = YES_ERROR;
				GCC_WARN_UNDECLARED_SELECTOR = YES;
				GCC_WARN_UNINITIALIZED_AUTOS = YES_AGGRESSIVE;
				GCC_WARN_UNUSED_FUNCTION = YES;
				GCC_WARN_UNUSED_VARIABLE = YES;
				IPHONEOS_DEPLOYMENT_TARGET = 7.1;
				ONLY_ACTIVE_ARCH = YES;
				SDKROOT = iphoneos;
				TARGETED_DEVICE_FAMILY = "1,2";
			};
			name = Debug;
		};
		96C2DF13190DC3DB00807B8B /* Release */ = {
			isa = XCBuildConfiguration;
			buildSettings = {
				ALWAYS_SEARCH_USER_PATHS = NO;
				CLANG_CXX_LANGUAGE_STANDARD = "gnu++0x";
				CLANG_CXX_LIBRARY = "libc++";
				CLANG_ENABLE_MODULES = YES;
				CLANG_ENABLE_OBJC_ARC = YES;
				CLANG_WARN_BOOL_CONVERSION = YES;
				CLANG_WARN_CONSTANT_CONVERSION = YES;
				CLANG_WARN_DIRECT_OBJC_ISA_USAGE = YES_ERROR;
				CLANG_WARN_EMPTY_BODY = YES;
				CLANG_WARN_ENUM_CONVERSION = YES;
				CLANG_WARN_INT_CONVERSION = YES;
				CLANG_WARN_OBJC_ROOT_CLASS = YES_ERROR;
				CLANG_WARN__DUPLICATE_METHOD_MATCH = YES;
				"CODE_SIGN_IDENTITY[sdk=iphoneos*]" = "iPhone Developer";
				COPY_PHASE_STRIP = YES;
				ENABLE_NS_ASSERTIONS = NO;
				GCC_C_LANGUAGE_STANDARD = gnu99;
				GCC_WARN_64_TO_32_BIT_CONVERSION = YES;
				GCC_WARN_ABOUT_RETURN_TYPE = YES_ERROR;
				GCC_WARN_UNDECLARED_SELECTOR = YES;
				GCC_WARN_UNINITIALIZED_AUTOS = YES_AGGRESSIVE;
				GCC_WARN_UNUSED_FUNCTION = YES;
				GCC_WARN_UNUSED_VARIABLE = YES;
				IPHONEOS_DEPLOYMENT_TARGET = 7.1;
				SDKROOT = iphoneos;
				TARGETED_DEVICE_FAMILY = "1,2";
				VALIDATE_PRODUCT = YES;
			};
			name = Release;
		};
		96C2DF15190DC3DB00807B8B /* Debug */ = {
			isa = XCBuildConfiguration;
			buildSettings = {
				ASSETCATALOG_COMPILER_APPICON_NAME = AppIcon;
				ASSETCATALOG_COMPILER_LAUNCHIMAGE_NAME = LaunchImage;
				GCC_PRECOMPILE_PREFIX_HEADER = YES;
				GCC_PREFIX_HEADER = "AttackHelicopter/AttackHelicopter-Prefix.pch";
				INFOPLIST_FILE = "AttackHelicopter/AttackHelicopter-Info.plist";
				PRODUCT_NAME = "$(TARGET_NAME)";
				SPRITEKIT_TEXTURE_ATLAS_OUTPUT = YES;
				WRAPPER_EXTENSION = app;
			};
			name = Debug;
		};
		96C2DF16190DC3DB00807B8B /* Release */ = {
			isa = XCBuildConfiguration;
			buildSettings = {
				ASSETCATALOG_COMPILER_APPICON_NAME = AppIcon;
				ASSETCATALOG_COMPILER_LAUNCHIMAGE_NAME = LaunchImage;
				GCC_PRECOMPILE_PREFIX_HEADER = YES;
				GCC_PREFIX_HEADER = "AttackHelicopter/AttackHelicopter-Prefix.pch";
				INFOPLIST_FILE = "AttackHelicopter/AttackHelicopter-Info.plist";
				PRODUCT_NAME = "$(TARGET_NAME)";
				SPRITEKIT_TEXTURE_ATLAS_OUTPUT = YES;
				WRAPPER_EXTENSION = app;
			};
			name = Release;
		};
		96C2DF18190DC3DB00807B8B /* Debug */ = {
			isa = XCBuildConfiguration;
			buildSettings = {
				BUNDLE_LOADER = "$(BUILT_PRODUCTS_DIR)/AttackHelicopter.app/AttackHelicopter";
				FRAMEWORK_SEARCH_PATHS = (
					"$(SDKROOT)/Developer/Library/Frameworks",
					"$(inherited)",
					"$(DEVELOPER_FRAMEWORKS_DIR)",
				);
				GCC_PRECOMPILE_PREFIX_HEADER = YES;
				GCC_PREFIX_HEADER = "AttackHelicopter/AttackHelicopter-Prefix.pch";
				GCC_PREPROCESSOR_DEFINITIONS = (
					"DEBUG=1",
					"$(inherited)",
				);
				INFOPLIST_FILE = "AttackHelicopterTests/AttackHelicopterTests-Info.plist";
				PRODUCT_NAME = "$(TARGET_NAME)";
				TEST_HOST = "$(BUNDLE_LOADER)";
				WRAPPER_EXTENSION = xctest;
			};
			name = Debug;
		};
		96C2DF19190DC3DB00807B8B /* Release */ = {
			isa = XCBuildConfiguration;
			buildSettings = {
				BUNDLE_LOADER = "$(BUILT_PRODUCTS_DIR)/AttackHelicopter.app/AttackHelicopter";
				FRAMEWORK_SEARCH_PATHS = (
					"$(SDKROOT)/Developer/Library/Frameworks",
					"$(inherited)",
					"$(DEVELOPER_FRAMEWORKS_DIR)",
				);
				GCC_PRECOMPILE_PREFIX_HEADER = YES;
				GCC_PREFIX_HEADER = "AttackHelicopter/AttackHelicopter-Prefix.pch";
				INFOPLIST_FILE = "AttackHelicopterTests/AttackHelicopterTests-Info.plist";
				PRODUCT_NAME = "$(TARGET_NAME)";
				TEST_HOST = "$(BUNDLE_LOADER)";
				WRAPPER_EXTENSION = xctest;
			};
			name = Release;
		};
/* End XCBuildConfiguration section */

/* Begin XCConfigurationList section */
		96C2DED3190DC3DB00807B8B /* Build configuration list for PBXProject "AttackHelicopter" */ = {
			isa = XCConfigurationList;
			buildConfigurations = (
				96C2DF12190DC3DB00807B8B /* Debug */,
				96C2DF13190DC3DB00807B8B /* Release */,
			);
			defaultConfigurationIsVisible = 0;
			defaultConfigurationName = Release;
		};
		96C2DF14190DC3DB00807B8B /* Build configuration list for PBXNativeTarget "AttackHelicopter" */ = {
			isa = XCConfigurationList;
			buildConfigurations = (
				96C2DF15190DC3DB00807B8B /* Debug */,
				96C2DF16190DC3DB00807B8B /* Release */,
			);
			defaultConfigurationIsVisible = 0;
			defaultConfigurationName = Release;
		};
		96C2DF17190DC3DB00807B8B /* Build configuration list for PBXNativeTarget "AttackHelicopterTests" */ = {
			isa = XCConfigurationList;
			buildConfigurations = (
				96C2DF18190DC3DB00807B8B /* Debug */,
				96C2DF19190DC3DB00807B8B /* Release */,
			);
			defaultConfigurationIsVisible = 0;
			defaultConfigurationName = Release;
		};
/* End XCConfigurationList section */
	};
	rootObject = 96C2DED0190DC3DB00807B8B /* Project object */;
}
